
Microsoft Visual Studio Solution File, Format Version 12.00
# Visual Studio Version 17
VisualStudioVersion = 17.9.34728.123
MinimumVisualStudioVersion = 10.0.40219.1
Project("{FAE04EC0-301F-11D3-BF4B-00C04F79EFBC}") = "Ejercicio 12", "Ejercicio 12\Ejercicio 12.csproj", "{B8135BAD-ACD6-43CD-9861-9CD438E2D13D}"
EndProject
Global
	GlobalSection(SolutionConfigurationPlatforms) = preSolution
		Debug|Any CPU = Debug|Any CPU
		Release|Any CPU = Release|Any CPU
	EndGlobalSection
	GlobalSection(ProjectConfigurationPlatforms) = postSolution
		{B8135BAD-ACD6-43CD-9861-9CD438E2D13D}.Debug|Any CPU.ActiveCfg = Debug|Any CPU
		{B8135BAD-ACD6-43CD-9861-9CD438E2D13D}.Debug|Any CPU.Build.0 = Debug|Any CPU
		{B8135BAD-ACD6-43CD-9861-9CD438E2D13D}.Release|Any CPU.ActiveCfg = Release|Any CPU
		{B8135BAD-ACD6-43CD-9861-9CD438E2D13D}.Release|Any CPU.Build.0 = Release|Any CPU
	EndGlobalSection
	GlobalSection(SolutionProperties) = preSolution
		HideSolutionNode = FALSE
	EndGlobalSection
	GlobalSection(ExtensibilityGlobals) = postSolution
		SolutionGuid = {DFCE0B09-CE32-453B-A5B2-4F781E6775FF}
	EndGlobalSection
EndGlobal
