
Microsoft Visual Studio Solution File, Format Version 12.00
# Visual Studio Version 17
VisualStudioVersion = 17.9.34728.123
MinimumVisualStudioVersion = 10.0.40219.1
Project("{FAE04EC0-301F-11D3-BF4B-00C04F79EFBC}") = "ejercicio 1", "ejercicio 1\ejercicio 1.csproj", "{A8884343-3FAA-4D05-A76B-90DDD7767D75}"
EndProject
Global
	GlobalSection(SolutionConfigurationPlatforms) = preSolution
		Debug|Any CPU = Debug|Any CPU
		Release|Any CPU = Release|Any CPU
	EndGlobalSection
	GlobalSection(ProjectConfigurationPlatforms) = postSolution
		{A8884343-3FAA-4D05-A76B-90DDD7767D75}.Debug|Any CPU.ActiveCfg = Debug|Any CPU
		{A8884343-3FAA-4D05-A76B-90DDD7767D75}.Debug|Any CPU.Build.0 = Debug|Any CPU
		{A8884343-3FAA-4D05-A76B-90DDD7767D75}.Release|Any CPU.ActiveCfg = Release|Any CPU
		{A8884343-3FAA-4D05-A76B-90DDD7767D75}.Release|Any CPU.Build.0 = Release|Any CPU
	EndGlobalSection
	GlobalSection(SolutionProperties) = preSolution
		HideSolutionNode = FALSE
	EndGlobalSection
	GlobalSection(ExtensibilityGlobals) = postSolution
		SolutionGuid = {12A11437-2C10-44BE-B0A2-2FEE9328DDC2}
	EndGlobalSection
EndGlobal
